
Microsoft Visual Studio Solution File, Format Version 12.00
# Visual Studio Version 17
VisualStudioVersion = 17.10.35027.167
MinimumVisualStudioVersion = 10.0.40219.1
Project("{9A19103F-16F7-4668-BE54-9A1E7A4F7556}") = "LoggingExample", "LoggingExample.csproj", "{777D04A7-31FA-4D28-A6F1-D7B6EDA15634}"
EndProject
Global
	GlobalSection(SolutionConfigurationPlatforms) = preSolution
		Debug|Any CPU = Debug|Any CPU
		Release|Any CPU = Release|Any CPU
	EndGlobalSection
	GlobalSection(ProjectConfigurationPlatforms) = postSolution
		{777D04A7-31FA-4D28-A6F1-D7B6EDA15634}.Debug|Any CPU.ActiveCfg = Debug|Any CPU
		{777D04A7-31FA-4D28-A6F1-D7B6EDA15634}.Debug|Any CPU.Build.0 = Debug|Any CPU
		{777D04A7-31FA-4D28-A6F1-D7B6EDA15634}.Release|Any CPU.ActiveCfg = Release|Any CPU
		{777D04A7-31FA-4D28-A6F1-D7B6EDA15634}.Release|Any CPU.Build.0 = Release|Any CPU
	EndGlobalSection
	GlobalSection(SolutionProperties) = preSolution
		HideSolutionNode = FALSE
	EndGlobalSection
	GlobalSection(ExtensibilityGlobals) = postSolution
		SolutionGuid = {D1C92FF6-B8CB-4600-9767-2F38382F7B62}
	EndGlobalSection
EndGlobal
